
Microsoft Visual Studio Solution File, Format Version 12.00
# Visual Studio Version 17
VisualStudioVersion = 17.13.35913.81 d17.13
MinimumVisualStudioVersion = 10.0.40219.1
Project("{FAE04EC0-301F-11D3-BF4B-00C04F79EFBC}") = "Project4Git", "Project4Git\Project4Git.csproj", "{8D976565-CC64-47BF-9778-AC2EC3031A5F}"
EndProject
Global
	GlobalSection(SolutionConfigurationPlatforms) = preSolution
		Debug|Any CPU = Debug|Any CPU
		Release|Any CPU = Release|Any CPU
	EndGlobalSection
	GlobalSection(ProjectConfigurationPlatforms) = postSolution
		{8D976565-CC64-47BF-9778-AC2EC3031A5F}.Debug|Any CPU.ActiveCfg = Debug|Any CPU
		{8D976565-CC64-47BF-9778-AC2EC3031A5F}.Debug|Any CPU.Build.0 = Debug|Any CPU
		{8D976565-CC64-47BF-9778-AC2EC3031A5F}.Release|Any CPU.ActiveCfg = Release|Any CPU
		{8D976565-CC64-47BF-9778-AC2EC3031A5F}.Release|Any CPU.Build.0 = Release|Any CPU
	EndGlobalSection
	GlobalSection(SolutionProperties) = preSolution
		HideSolutionNode = FALSE
	EndGlobalSection
	GlobalSection(ExtensibilityGlobals) = postSolution
		SolutionGuid = {98C56EE5-F631-4AC6-B119-71B43871A381}
	EndGlobalSection
EndGlobal
